
Microsoft Visual Studio Solution File, Format Version 12.00
# Visual Studio Version 16
VisualStudioVersion = 16.0.30523.141
MinimumVisualStudioVersion = 10.0.40219.1
Project("{8BC9CEB8-8B4A-11D0-8D11-00A0C91BC942}") = "lab_6", "lab_6\lab_6.vcxproj", "{EBC89A60-26CE-461E-B502-D183FAC87A6B}"
EndProject
Global
	GlobalSection(SolutionConfigurationPlatforms) = preSolution
		Debug|x64 = Debug|x64
		Debug|x86 = Debug|x86
		Release|x64 = Release|x64
		Release|x86 = Release|x86
	EndGlobalSection
	GlobalSection(ProjectConfigurationPlatforms) = postSolution
		{EBC89A60-26CE-461E-B502-D183FAC87A6B}.Debug|x64.ActiveCfg = Debug|x64
		{EBC89A60-26CE-461E-B502-D183FAC87A6B}.Debug|x64.Build.0 = Debug|x64
		{EBC89A60-26CE-461E-B502-D183FAC87A6B}.Debug|x86.ActiveCfg = Debug|Win32
		{EBC89A60-26CE-461E-B502-D183FAC87A6B}.Debug|x86.Build.0 = Debug|Win32
		{EBC89A60-26CE-461E-B502-D183FAC87A6B}.Release|x64.ActiveCfg = Release|x64
		{EBC89A60-26CE-461E-B502-D183FAC87A6B}.Release|x64.Build.0 = Release|x64
		{EBC89A60-26CE-461E-B502-D183FAC87A6B}.Release|x86.ActiveCfg = Release|Win32
		{EBC89A60-26CE-461E-B502-D183FAC87A6B}.Release|x86.Build.0 = Release|Win32
	EndGlobalSection
	GlobalSection(SolutionProperties) = preSolution
		HideSolutionNode = FALSE
	EndGlobalSection
	GlobalSection(ExtensibilityGlobals) = postSolution
		SolutionGuid = {630BC595-83D8-4FF4-9A19-65FA51B48103}
	EndGlobalSection
EndGlobal
